
Microsoft Visual Studio Solution File, Format Version 12.00
# Visual Studio 15
VisualStudioVersion = 15.0.28010.2041
MinimumVisualStudioVersion = 10.0.40219.1
Project("{888888A0-9F3D-457C-B088-3A5042F75D52}") = "ilonely", "ilonely\ilonely.pyproj", "{5956D233-76B2-4358-98E7-DDA233E13A4B}"
EndProject
Global
	GlobalSection(SolutionConfigurationPlatforms) = preSolution
		Debug|Any CPU = Debug|Any CPU
		Release|Any CPU = Release|Any CPU
	EndGlobalSection
	GlobalSection(ProjectConfigurationPlatforms) = postSolution
		{5956D233-76B2-4358-98E7-DDA233E13A4B}.Debug|Any CPU.ActiveCfg = Debug|Any CPU
		{5956D233-76B2-4358-98E7-DDA233E13A4B}.Debug|Any CPU.Build.0 = Debug|Any CPU
		{5956D233-76B2-4358-98E7-DDA233E13A4B}.Release|Any CPU.ActiveCfg = Release|Any CPU
		{5956D233-76B2-4358-98E7-DDA233E13A4B}.Release|Any CPU.Build.0 = Release|Any CPU
	EndGlobalSection
	GlobalSection(SolutionProperties) = preSolution
		HideSolutionNode = FALSE
	EndGlobalSection
	GlobalSection(ExtensibilityGlobals) = postSolution
		SolutionGuid = {F21194C0-7770-4FD7-8F55-316258780E88}
	EndGlobalSection
EndGlobal
